schema_version: 1.0.0
substrate_lock_digest: sha256:775e677a42ae3b8c9f594900a7aa145e35e4254227689e72f26cbf531a665ec0
conventions:
- convention_id: coder.boundaries.http-client
  disposition: bound
  implementation_id: coder.boundaries.http-client
  workspace_id: atdd.workspace.python-pytest
  contract_version: 1.1.0
- convention_id: coder.boundaries.xlang-contract
  disposition: bound
  implementation_id: coder.boundaries.xlang-entity
  workspace_id: atdd.workspace.python-pytest
  contract_version: 1.1.0
- convention_id: coder.boundaries.xlang-entity
  disposition: bound
  implementation_id: coder.boundaries.xlang-entity
  workspace_id: atdd.workspace.python-pytest
  contract_version: 1.1.0
- convention_id: coder.boundaries.xlang-enum
  disposition: bound
  implementation_id: coder.boundaries.xlang-entity
  workspace_id: atdd.workspace.python-pytest
  contract_version: 1.1.0
- convention_id: coder.boundaries.xlang-naming
  disposition: bound
  implementation_id: coder.boundaries.xlang-entity
  workspace_id: atdd.workspace.python-pytest
  contract_version: 1.1.0
- convention_id: coder.dead-code.reachability
  disposition: bound
  implementation_id: coder.dead-code.reachability
  workspace_id: atdd.workspace.python-pytest
  contract_version: 1.1.0
- convention_id: coder.dead-code.reachability-typescript
  disposition: bound
  implementation_id: coder.dead-code.reachability-typescript
  workspace_id: atdd.workspace.python-pytest
  contract_version: 1.1.0
- convention_id: coder.design.foundations
  disposition: bound
  implementation_id: coder.design.primitives
  workspace_id: atdd.workspace.python-pytest
  contract_version: 1.1.0
- convention_id: coder.design.hierarchy-import
  disposition: bound
  implementation_id: coder.design.primitives
  workspace_id: atdd.workspace.python-pytest
  contract_version: 1.1.0
- convention_id: coder.design.orphan-export
  disposition: bound
  implementation_id: coder.design.primitives
  workspace_id: atdd.workspace.python-pytest
  contract_version: 1.1.0
- convention_id: coder.design.orphan-ui
  disposition: bound
  implementation_id: coder.design.primitives
  workspace_id: atdd.workspace.python-pytest
  contract_version: 1.1.0
- convention_id: coder.design.primitives
  disposition: bound
  implementation_id: coder.design.primitives
  workspace_id: atdd.workspace.python-pytest
  contract_version: 1.1.0
- convention_id: coder.design.token-color
  disposition: bound
  implementation_id: coder.design.primitives
  workspace_id: atdd.workspace.python-pytest
  contract_version: 1.1.0
- convention_id: coder.design.token-hardcoded
  disposition: bound
  implementation_id: coder.design.primitives
  workspace_id: atdd.workspace.python-pytest
  contract_version: 1.1.0
- convention_id: coder.duplication.no-intra-layer-code-python
  disposition: bound
  implementation_id: coder.duplication.no-intra-layer-code-python
  workspace_id: atdd.workspace.python-pytest
  contract_version: 1.1.0
- convention_id: coder.duplication.no-intra-layer-code-typescript
  disposition: bound
  implementation_id: coder.duplication.no-intra-layer-code-typescript
  workspace_id: atdd.workspace.python-pytest
  contract_version: 1.1.0
- convention_id: coder.error-response.bare-string
  disposition: bound
  implementation_id: coder.error-response.bare-string
  workspace_id: atdd.workspace.python-pytest
  contract_version: 1.1.0
- convention_id: coder.error-response.code-format
  disposition: bound
  implementation_id: coder.error-response.bare-string
  workspace_id: atdd.workspace.python-pytest
  contract_version: 1.1.0
- convention_id: coder.logging.coach-silent-swallow
  disposition: bound
  implementation_id: coder.logging.coach-silent-swallow
  workspace_id: atdd.workspace.python-pytest
  contract_version: 1.1.0
- convention_id: coder.logging.print
  disposition: bound
  implementation_id: coder.logging.print
  workspace_id: atdd.workspace.python-pytest
  contract_version: 1.0.0
- convention_id: coder.logging.structured
  disposition: bound
  implementation_id: coder.logging.structured
  workspace_id: atdd.workspace.python-pytest
  contract_version: 1.1.0
- convention_id: coder.presentation.gsap-commons
  disposition: bound
  implementation_id: coder.presentation.gsap-layer
  workspace_id: atdd.workspace.python-pytest
  contract_version: 1.1.0
- convention_id: coder.presentation.gsap-layer
  disposition: bound
  implementation_id: coder.presentation.gsap-layer
  workspace_id: atdd.workspace.python-pytest
  contract_version: 1.1.0
- convention_id: coder.presentation.i18n-config
  disposition: bound
  implementation_id: coder.presentation.i18n-config
  workspace_id: atdd.workspace.python-pytest
  contract_version: 1.1.0
- convention_id: coder.presentation.i18n-switcher
  disposition: bound
  implementation_id: coder.presentation.i18n-config
  workspace_id: atdd.workspace.python-pytest
  contract_version: 1.1.0
- convention_id: coder.refactor.coach-ratchet-pres
  disposition: bound
  implementation_id: coder.refactor.coach-ratchet-pres
  workspace_id: atdd.workspace.python-pytest
  contract_version: 1.1.0
- convention_id: coder.refactor.complexity-cognitive
  disposition: bound
  implementation_id: coder.refactor.complexity-cyclomatic
  workspace_id: atdd.workspace.python-pytest
  contract_version: 1.1.0
- convention_id: coder.refactor.complexity-cyclomatic
  disposition: bound
  implementation_id: coder.refactor.complexity-cyclomatic
  workspace_id: atdd.workspace.python-pytest
  contract_version: 1.1.0
- convention_id: coder.refactor.complexity-cyclomatic-typescript
  disposition: bound
  implementation_id: coder.refactor.complexity-cyclomatic-typescript
  workspace_id: atdd.workspace.python-pytest
  contract_version: 1.1.0
- convention_id: coder.refactor.complexity-length
  disposition: bound
  implementation_id: coder.refactor.complexity-cyclomatic
  workspace_id: atdd.workspace.python-pytest
  contract_version: 1.1.0
- convention_id: coder.refactor.complexity-length-typescript
  disposition: bound
  implementation_id: coder.refactor.complexity-cyclomatic-typescript
  workspace_id: atdd.workspace.python-pytest
  contract_version: 1.1.0
- convention_id: coder.refactor.complexity-nesting
  disposition: bound
  implementation_id: coder.refactor.complexity-cyclomatic
  workspace_id: atdd.workspace.python-pytest
  contract_version: 1.1.0
- convention_id: coder.refactor.complexity-nesting-typescript
  disposition: bound
  implementation_id: coder.refactor.complexity-cyclomatic-typescript
  workspace_id: atdd.workspace.python-pytest
  contract_version: 1.1.0
- convention_id: coder.refactor.complexity-params
  disposition: bound
  implementation_id: coder.refactor.complexity-cyclomatic
  workspace_id: atdd.workspace.python-pytest
  contract_version: 1.1.0
- convention_id: coder.refactor.composition-consumer
  disposition: bound
  implementation_id: coder.refactor.composition-consumer
  workspace_id: atdd.workspace.python-pytest
  contract_version: 1.1.0
- convention_id: coder.refactor.composition-root
  disposition: bound
  implementation_id: coder.refactor.composition-consumer
  workspace_id: atdd.workspace.python-pytest
  contract_version: 1.1.0
- convention_id: coder.refactor.nplus1
  disposition: bound
  implementation_id: coder.refactor.nplus1
  workspace_id: atdd.workspace.python-pytest
  contract_version: 1.1.0
- convention_id: coder.refactor.quality-comments
  disposition: bound
  implementation_id: coder.refactor.quality-mi
  workspace_id: atdd.workspace.python-pytest
  contract_version: 1.1.0
- convention_id: coder.refactor.quality-comments-typescript
  disposition: bound
  implementation_id: coder.refactor.quality-mi-typescript
  workspace_id: atdd.workspace.python-pytest
  contract_version: 1.1.0
- convention_id: coder.refactor.quality-duplication
  disposition: bound
  implementation_id: coder.refactor.quality-mi
  workspace_id: atdd.workspace.python-pytest
  contract_version: 1.1.0
- convention_id: coder.refactor.quality-file-length
  disposition: bound
  implementation_id: coder.refactor.quality-mi
  workspace_id: atdd.workspace.python-pytest
  contract_version: 1.1.0
- convention_id: coder.refactor.quality-mi
  disposition: bound
  implementation_id: coder.refactor.quality-mi
  workspace_id: atdd.workspace.python-pytest
  contract_version: 1.1.0
- convention_id: coder.refactor.quality-mi-typescript
  disposition: bound
  implementation_id: coder.refactor.quality-mi-typescript
  workspace_id: atdd.workspace.python-pytest
  contract_version: 1.1.0
- convention_id: coder.refactor.quality-naming
  disposition: bound
  implementation_id: coder.refactor.quality-mi
  workspace_id: atdd.workspace.python-pytest
  contract_version: 1.1.0
- convention_id: coder.security.hardcoded-secret
  disposition: bound
  implementation_id: coder.security.sql-injection
  workspace_id: atdd.workspace.python-pytest
  contract_version: 1.1.0
- convention_id: coder.security.missing-auth
  disposition: bound
  implementation_id: coder.security.sql-injection
  workspace_id: atdd.workspace.python-pytest
  contract_version: 1.1.0
- convention_id: coder.security.sql-injection
  disposition: bound
  implementation_id: coder.security.sql-injection
  workspace_id: atdd.workspace.python-pytest
  contract_version: 1.1.0
- convention_id: tester.acceptance-violation.live-smoke-acceptance-must-execute
  disposition: bound
  implementation_id: tester.acceptance-violation.live-smoke-acceptance-must-execute
  workspace_id: atdd.workspace.python-pytest
  contract_version: 1.1.0
- convention_id: tester.acceptance-violation.metric-implementation-must-exist
  disposition: bound
  implementation_id: tester.acceptance-violation.metric-implementation-must-exist
  workspace_id: atdd.workspace.python-pytest
  contract_version: 1.1.0
- convention_id: tester.filename.urn
  disposition: bound
  implementation_id: tester.filename.urn
  workspace_id: atdd.workspace.python-pytest
  contract_version: 1.1.0
- convention_id: tester.smoke.no-collaborator-substitution
  disposition: bound
  implementation_id: tester.smoke.no-collaborator-substitution
  workspace_id: atdd.workspace.python-pytest
  contract_version: 1.1.0
- convention_id: tester.test-isolation.no-polluting-patterns
  disposition: bound
  implementation_id: tester.test-isolation.no-polluting-patterns
  workspace_id: atdd.workspace.python-pytest
  contract_version: 1.1.0
