schema_version: 1.0.0
artifacts:
- id: atdd.extension.coder.base
  kind: extension
  version: 0.1.0
  digest: sha256:d584ec1f54ccf4ff164d9d1f96505e79ebf2ed43a6e8bd14eda23812d839d4f1
  installed_path: .atdd/extensions/atdd.extension.coder.base/0.1.0
  enabled: true
  workspaces:
  - id: atdd.workspace.python-pytest
  - id: atdd.workspace.typescript
  - id: atdd.workspace.dart-flutter
  - id: atdd.workspace.supabase
  - id: atdd.workspace.fastapi
- id: atdd.extension.tester.base
  kind: extension
  version: 0.1.0
  digest: sha256:3a53274c8ee643a11030dccbf2189a7456c75e250b5f9353304922a90d50ef3f
  installed_path: .atdd/extensions/atdd.extension.tester.base/0.1.0
  enabled: true
  workspaces:
  - id: atdd.workspace.python-pytest
  - id: atdd.workspace.typescript
  - id: atdd.workspace.supabase
  - id: atdd.workspace.fastapi
- id: atdd.extension.train-interlocking-enforcement
  kind: extension
  version: 0.1.0
  digest: sha256:5b63e59c7930980e3b3e109a4c28b3fa521f882429eee226b7996f4a6e295416
  installed_path: .atdd/extensions/atdd.extension.train-interlocking-enforcement/0.1.0
  enabled: true
  workspaces:
  - id: atdd.workspace.python-pytest
- id: atdd.workspace.python-pytest
  kind: workspace
  version: 0.1.0
  digest: sha256:84b33f3895f05662d2d05b23cde326a531c1d509bee5cc4360347af598c568eb
  installed_path: .atdd/workspaces/atdd.workspace.python-pytest/0.1.0
  enabled: true
