schema_version: 1.0.0
artifacts:
- id: atdd.extension.coder.base
  kind: extension
  version: 0.1.0
  digest: sha256:d584ec1f54ccf4ff164d9d1f96505e79ebf2ed43a6e8bd14eda23812d839d4f1
  installed_path: .atdd/extensions/atdd.extension.coder.base/0.1.0
  enabled: true
  workspaces:
  - id: atdd.workspace.python-pytest
  - id: atdd.workspace.typescript
  - id: atdd.workspace.dart-flutter
  - id: atdd.workspace.supabase
  - id: atdd.workspace.fastapi
- id: atdd.extension.tester.base
  kind: extension
  version: 0.1.0
  digest: sha256:3a53274c8ee643a11030dccbf2189a7456c75e250b5f9353304922a90d50ef3f
  installed_path: .atdd/extensions/atdd.extension.tester.base/0.1.0
  enabled: true
  workspaces:
  - id: atdd.workspace.python-pytest
  - id: atdd.workspace.typescript
  - id: atdd.workspace.supabase
  - id: atdd.workspace.fastapi
- id: atdd.extension.train-interlocking-enforcement
  kind: extension
  version: 0.1.0
  digest: sha256:5d0f0d17512f39b90e62b725232a1b4a8b9079bc56b0823dcb41409d855e888a
  installed_path: .atdd/extensions/atdd.extension.train-interlocking-enforcement/0.1.0
  enabled: true
  workspaces:
  - id: atdd.workspace.python-pytest
- id: atdd.workspace.python-pytest
  kind: workspace
  version: 0.1.0
  digest: sha256:8adb7b20ea89c18d1631d3817c64510b54415e6fcf27c2ca2bc493bd37fcc1af
  installed_path: .atdd/workspaces/atdd.workspace.python-pytest/0.1.0
  enabled: true
