schema_version: 1.0.0
artifacts:
- id: atdd.extension.coder.base
  kind: extension
  version: 0.1.0
  digest: sha256:d584ec1f54ccf4ff164d9d1f96505e79ebf2ed43a6e8bd14eda23812d839d4f1
  installed_path: .atdd/extensions/atdd.extension.coder.base/0.1.0
  enabled: true
  workspaces:
  - id: atdd.workspace.python-pytest
  - id: atdd.workspace.typescript
  - id: atdd.workspace.dart-flutter
  - id: atdd.workspace.supabase
  - id: atdd.workspace.fastapi
- id: atdd.extension.coder.train-interlocking
  kind: extension
  version: 0.2.0
  digest: sha256:81e8571753e63a335eeee041800401f0fe859a748a0408c5fabc32b85660a654
  installed_path: .atdd/extensions/atdd.extension.coder.train-interlocking/0.2.0
  enabled: true
  workspaces:
  - id: atdd.workspace.python-pytest
- id: atdd.extension.tester.base
  kind: extension
  version: 0.1.0
  digest: sha256:3a53274c8ee643a11030dccbf2189a7456c75e250b5f9353304922a90d50ef3f
  installed_path: .atdd/extensions/atdd.extension.tester.base/0.1.0
  enabled: true
  workspaces:
  - id: atdd.workspace.python-pytest
  - id: atdd.workspace.typescript
  - id: atdd.workspace.supabase
  - id: atdd.workspace.fastapi
- id: atdd.extension.tester.train-interlocking
  kind: extension
  version: 0.2.0
  digest: sha256:d81090c8487596dc8d5e2fbfd821ba12a3dcfb531a2b59c42bb3e890890fa9e1
  installed_path: .atdd/extensions/atdd.extension.tester.train-interlocking/0.2.0
  enabled: true
  workspaces:
  - id: atdd.workspace.python-pytest
- id: atdd.workspace.python-pytest
  kind: workspace
  version: 0.1.0
  digest: sha256:84b33f3895f05662d2d05b23cde326a531c1d509bee5cc4360347af598c568eb
  installed_path: .atdd/workspaces/atdd.workspace.python-pytest/0.1.0
  enabled: true
